
Microsoft Visual Studio Solution File, Format Version 12.00
# Visual Studio Version 17
VisualStudioVersion = 17.4.33213.308
MinimumVisualStudioVersion = 10.0.40219.1
Project("{FAE04EC0-301F-11D3-BF4B-00C04F79EFBC}") = "CountryService.Web", "CountryService.Web\CountryService.Web.csproj", "{F02A56D1-4161-435A-AC00-35CB86585E20}"
EndProject
Global
	GlobalSection(SolutionConfigurationPlatforms) = preSolution
		Debug|Any CPU = Debug|Any CPU
		Release|Any CPU = Release|Any CPU
	EndGlobalSection
	GlobalSection(ProjectConfigurationPlatforms) = postSolution
		{F02A56D1-4161-435A-AC00-35CB86585E20}.Debug|Any CPU.ActiveCfg = Debug|Any CPU
		{F02A56D1-4161-435A-AC00-35CB86585E20}.Debug|Any CPU.Build.0 = Debug|Any CPU
		{F02A56D1-4161-435A-AC00-35CB86585E20}.Release|Any CPU.ActiveCfg = Release|Any CPU
		{F02A56D1-4161-435A-AC00-35CB86585E20}.Release|Any CPU.Build.0 = Release|Any CPU
	EndGlobalSection
	GlobalSection(SolutionProperties) = preSolution
		HideSolutionNode = FALSE
	EndGlobalSection
	GlobalSection(ExtensibilityGlobals) = postSolution
		SolutionGuid = {2C88649F-AC99-4307-924C-4765470CE03C}
	EndGlobalSection
EndGlobal
