
Microsoft Visual Studio Solution File, Format Version 12.00
# Visual Studio Version 17
VisualStudioVersion = 17.4.33213.308
MinimumVisualStudioVersion = 10.0.40219.1
Project("{9A19103F-16F7-4668-BE54-9A1E7A4F7556}") = "LoanApplication.Core", "LoanApplication.Core\LoanApplication.Core.csproj", "{19AC600F-5263-43B3-8DF8-4176BE5A8D41}"
EndProject
Project("{9A19103F-16F7-4668-BE54-9A1E7A4F7556}") = "NUnitTest", "NUnitTest\NUnitTest.csproj", "{FFCF593F-65A7-4915-8EC1-421698D07C6E}"
EndProject
Project("{FAE04EC0-301F-11D3-BF4B-00C04F79EFBC}") = "LoanApplication", "LoanApplication\LoanApplication.csproj", "{DD32E404-0E04-4271-81DA-4E09BE2E990C}"
EndProject
Project("{FAE04EC0-301F-11D3-BF4B-00C04F79EFBC}") = "LoanApplication.Tests.Unit", "LoanApplication.Tests.Unit\LoanApplication.Tests.Unit.csproj", "{0A69492A-2134-4139-A39E-3902DA1DA26E}"
EndProject
Project("{FAE04EC0-301F-11D3-BF4B-00C04F79EFBC}") = "MsTest", "MsTest\MsTest.csproj", "{53DFAA1B-D5F0-461D-A0DA-5961DFD4A728}"
EndProject
Global
	GlobalSection(SolutionConfigurationPlatforms) = preSolution
		Debug|Any CPU = Debug|Any CPU
		Release|Any CPU = Release|Any CPU
	EndGlobalSection
	GlobalSection(ProjectConfigurationPlatforms) = postSolution
		{445B8E60-DD3F-4F23-B3FF-BC6579E17093}.Debug|Any CPU.ActiveCfg = Debug|Any CPU
		{445B8E60-DD3F-4F23-B3FF-BC6579E17093}.Debug|Any CPU.Build.0 = Debug|Any CPU
		{445B8E60-DD3F-4F23-B3FF-BC6579E17093}.Release|Any CPU.ActiveCfg = Release|Any CPU
		{445B8E60-DD3F-4F23-B3FF-BC6579E17093}.Release|Any CPU.Build.0 = Release|Any CPU
		{19AC600F-5263-43B3-8DF8-4176BE5A8D41}.Debug|Any CPU.ActiveCfg = Debug|Any CPU
		{19AC600F-5263-43B3-8DF8-4176BE5A8D41}.Debug|Any CPU.Build.0 = Debug|Any CPU
		{19AC600F-5263-43B3-8DF8-4176BE5A8D41}.Release|Any CPU.ActiveCfg = Release|Any CPU
		{19AC600F-5263-43B3-8DF8-4176BE5A8D41}.Release|Any CPU.Build.0 = Release|Any CPU
		{FFCF593F-65A7-4915-8EC1-421698D07C6E}.Debug|Any CPU.ActiveCfg = Debug|Any CPU
		{FFCF593F-65A7-4915-8EC1-421698D07C6E}.Debug|Any CPU.Build.0 = Debug|Any CPU
		{FFCF593F-65A7-4915-8EC1-421698D07C6E}.Release|Any CPU.ActiveCfg = Release|Any CPU
		{FFCF593F-65A7-4915-8EC1-421698D07C6E}.Release|Any CPU.Build.0 = Release|Any CPU
		{DD32E404-0E04-4271-81DA-4E09BE2E990C}.Debug|Any CPU.ActiveCfg = Debug|Any CPU
		{DD32E404-0E04-4271-81DA-4E09BE2E990C}.Debug|Any CPU.Build.0 = Debug|Any CPU
		{DD32E404-0E04-4271-81DA-4E09BE2E990C}.Release|Any CPU.ActiveCfg = Release|Any CPU
		{DD32E404-0E04-4271-81DA-4E09BE2E990C}.Release|Any CPU.Build.0 = Release|Any CPU
		{0A69492A-2134-4139-A39E-3902DA1DA26E}.Debug|Any CPU.ActiveCfg = Debug|Any CPU
		{0A69492A-2134-4139-A39E-3902DA1DA26E}.Debug|Any CPU.Build.0 = Debug|Any CPU
		{0A69492A-2134-4139-A39E-3902DA1DA26E}.Release|Any CPU.ActiveCfg = Release|Any CPU
		{0A69492A-2134-4139-A39E-3902DA1DA26E}.Release|Any CPU.Build.0 = Release|Any CPU
		{53DFAA1B-D5F0-461D-A0DA-5961DFD4A728}.Debug|Any CPU.ActiveCfg = Debug|Any CPU
		{53DFAA1B-D5F0-461D-A0DA-5961DFD4A728}.Debug|Any CPU.Build.0 = Debug|Any CPU
		{53DFAA1B-D5F0-461D-A0DA-5961DFD4A728}.Release|Any CPU.ActiveCfg = Release|Any CPU
		{53DFAA1B-D5F0-461D-A0DA-5961DFD4A728}.Release|Any CPU.Build.0 = Release|Any CPU
	EndGlobalSection
	GlobalSection(SolutionProperties) = preSolution
		HideSolutionNode = FALSE
	EndGlobalSection
	GlobalSection(ExtensibilityGlobals) = postSolution
		SolutionGuid = {FC3C5A26-7F53-42C9-AD0A-D34C3CC77CEC}
	EndGlobalSection
EndGlobal
